
Microsoft Visual Studio Solution File, Format Version 12.00
# Visual Studio 15
VisualStudioVersion = 15.0.27703.2035
MinimumVisualStudioVersion = 10.0.40219.1
Project("{FAE04EC0-301F-11D3-BF4B-00C04F79EFBC}") = "ParserNII", "ParserNII\ParserNII.csproj", "{3452805B-C5D7-453C-B8CA-D10FBA56A676}"
EndProject
Global
	GlobalSection(SolutionConfigurationPlatforms) = preSolution
		Debug|Any CPU = Debug|Any CPU
		Release|Any CPU = Release|Any CPU
	EndGlobalSection
	GlobalSection(ProjectConfigurationPlatforms) = postSolution
		{3452805B-C5D7-453C-B8CA-D10FBA56A676}.Debug|Any CPU.ActiveCfg = Debug|Any CPU
		{3452805B-C5D7-453C-B8CA-D10FBA56A676}.Debug|Any CPU.Build.0 = Debug|Any CPU
		{3452805B-C5D7-453C-B8CA-D10FBA56A676}.Release|Any CPU.ActiveCfg = Release|Any CPU
		{3452805B-C5D7-453C-B8CA-D10FBA56A676}.Release|Any CPU.Build.0 = Release|Any CPU
	EndGlobalSection
	GlobalSection(SolutionProperties) = preSolution
		HideSolutionNode = FALSE
	EndGlobalSection
	GlobalSection(ExtensibilityGlobals) = postSolution
		SolutionGuid = {72879F21-BAE8-4921-BA2C-5457607E8B44}
	EndGlobalSection
EndGlobal
